
Microsoft Visual Studio Solution File, Format Version 12.00
# Visual Studio Version 17
VisualStudioVersion = 17.5.33627.172
MinimumVisualStudioVersion = 10.0.40219.1
Project("{9A19103F-16F7-4668-BE54-9A1E7A4F7556}") = "ConsoleAppATM", "ConsoleAppATM\ConsoleAppATM.csproj", "{5A6BF093-86AB-4172-9B2D-03C48A4462CE}"
EndProject
Project("{9A19103F-16F7-4668-BE54-9A1E7A4F7556}") = "ClassLibraryATM", "ClassLibraryATM\ClassLibraryATM.csproj", "{244540B0-332C-4F67-BB1B-4F467E263384}"
EndProject
Project("{FAE04EC0-301F-11D3-BF4B-00C04F79EFBC}") = "WinFormsApp1", "WinFormsApp1\WinFormsApp1.csproj", "{7322E374-D063-4C1F-84A4-71FED640E723}"
EndProject
Global
	GlobalSection(SolutionConfigurationPlatforms) = preSolution
		Debug|Any CPU = Debug|Any CPU
		Release|Any CPU = Release|Any CPU
	EndGlobalSection
	GlobalSection(ProjectConfigurationPlatforms) = postSolution
		{5A6BF093-86AB-4172-9B2D-03C48A4462CE}.Debug|Any CPU.ActiveCfg = Debug|Any CPU
		{5A6BF093-86AB-4172-9B2D-03C48A4462CE}.Debug|Any CPU.Build.0 = Debug|Any CPU
		{5A6BF093-86AB-4172-9B2D-03C48A4462CE}.Release|Any CPU.ActiveCfg = Release|Any CPU
		{5A6BF093-86AB-4172-9B2D-03C48A4462CE}.Release|Any CPU.Build.0 = Release|Any CPU
		{244540B0-332C-4F67-BB1B-4F467E263384}.Debug|Any CPU.ActiveCfg = Debug|Any CPU
		{244540B0-332C-4F67-BB1B-4F467E263384}.Debug|Any CPU.Build.0 = Debug|Any CPU
		{244540B0-332C-4F67-BB1B-4F467E263384}.Release|Any CPU.ActiveCfg = Release|Any CPU
		{244540B0-332C-4F67-BB1B-4F467E263384}.Release|Any CPU.Build.0 = Release|Any CPU
		{7322E374-D063-4C1F-84A4-71FED640E723}.Debug|Any CPU.ActiveCfg = Debug|Any CPU
		{7322E374-D063-4C1F-84A4-71FED640E723}.Debug|Any CPU.Build.0 = Debug|Any CPU
		{7322E374-D063-4C1F-84A4-71FED640E723}.Release|Any CPU.ActiveCfg = Release|Any CPU
		{7322E374-D063-4C1F-84A4-71FED640E723}.Release|Any CPU.Build.0 = Release|Any CPU
	EndGlobalSection
	GlobalSection(SolutionProperties) = preSolution
		HideSolutionNode = FALSE
	EndGlobalSection
	GlobalSection(ExtensibilityGlobals) = postSolution
		SolutionGuid = {1FBC9C20-DEE9-4D50-AB75-1B7A917D7A41}
	EndGlobalSection
EndGlobal
